// !$*UTF8*$!
{
	archiveVersion = 1;
	classes = {
	};
	objectVersion = 56;
	objects = {

/* Begin PBXBuildFile section */
		BCFB7B0B2CFAF3680018649D /* Sample_SwiftUI_RouterApp.swift in Sources */ = {isa = PBXBuildFile; fileRef = BCFB7B0A2CFAF3680018649D /* Sample_SwiftUI_RouterApp.swift */; };
		BCFB7B0D2CFAF3680018649D /* ContentView.swift in Sources */ = {isa = PBXBuildFile; fileRef = BCFB7B0C2CFAF3680018649D /* ContentView.swift */; };
		BCFB7B0F2CFAF36B0018649D /* Assets.xcassets in Resources */ = {isa = PBXBuildFile; fileRef = BCFB7B0E2CFAF36B0018649D /* Assets.xcassets */; };
		BCFB7B122CFAF36B0018649D /* Preview Assets.xcassets in Resources */ = {isa = PBXBuildFile; fileRef = BCFB7B112CFAF36B0018649D /* Preview Assets.xcassets */; };
		BCFB7B1C2CFAF36B0018649D /* Sample_SwiftUI_RouterTests.swift in Sources */ = {isa = PBXBuildFile; fileRef = BCFB7B1B2CFAF36B0018649D /* Sample_SwiftUI_RouterTests.swift */; };
		BCFB7B262CFAF36C0018649D /* Sample_SwiftUI_RouterUITests.swift in Sources */ = {isa = PBXBuildFile; fileRef = BCFB7B252CFAF36C0018649D /* Sample_SwiftUI_RouterUITests.swift */; };
		BCFB7B282CFAF36C0018649D /* Sample_SwiftUI_RouterUITestsLaunchTests.swift in Sources */ = {isa = PBXBuildFile; fileRef = BCFB7B272CFAF36C0018649D /* Sample_SwiftUI_RouterUITestsLaunchTests.swift */; };
		BCFB7B362CFAF40A0018649D /* PostListView.swift in Sources */ = {isa = PBXBuildFile; fileRef = BCFB7B352CFAF40A0018649D /* PostListView.swift */; };
		BCFB7B3A2CFAF8A20018649D /* PostCreateView.swift in Sources */ = {isa = PBXBuildFile; fileRef = BCFB7B392CFAF8A20018649D /* PostCreateView.swift */; };
		BCFB7B3C2CFAFC190018649D /* PostCreateConfirmationView.swift in Sources */ = {isa = PBXBuildFile; fileRef = BCFB7B3B2CFAFC190018649D /* PostCreateConfirmationView.swift */; };
/* End PBXBuildFile section */

/* Begin PBXContainerItemProxy section */
		BCFB7B182CFAF36B0018649D /* PBXContainerItemProxy */ = {
			isa = PBXContainerItemProxy;
			containerPortal = BCFB7AFF2CFAF3680018649D /* Project object */;
			proxyType = 1;
			remoteGlobalIDString = BCFB7B062CFAF3680018649D;
			remoteInfo = Sample_SwiftUI_Router;
		};
		BCFB7B222CFAF36C0018649D /* PBXContainerItemProxy */ = {
			isa = PBXContainerItemProxy;
			containerPortal = BCFB7AFF2CFAF3680018649D /* Project object */;
			proxyType = 1;
			remoteGlobalIDString = BCFB7B062CFAF3680018649D;
			remoteInfo = Sample_SwiftUI_Router;
		};
/* End PBXContainerItemProxy section */

/* Begin PBXFileReference section */
		BCFB7B072CFAF3680018649D /* Sample_SwiftUI_Router.app */ = {isa = PBXFileReference; explicitFileType = wrapper.application; includeInIndex = 0; path = Sample_SwiftUI_Router.app; sourceTree = BUILT_PRODUCTS_DIR; };
		BCFB7B0A2CFAF3680018649D /* Sample_SwiftUI_RouterApp.swift */ = {isa = PBXFileReference; lastKnownFileType = sourcecode.swift; path = Sample_SwiftUI_RouterApp.swift; sourceTree = "<group>"; };
		BCFB7B0C2CFAF3680018649D /* ContentView.swift */ = {isa = PBXFileReference; lastKnownFileType = sourcecode.swift; path = ContentView.swift; sourceTree = "<group>"; };
		BCFB7B0E2CFAF36B0018649D /* Assets.xcassets */ = {isa = PBXFileReference; lastKnownFileType = folder.assetcatalog; path = Assets.xcassets; sourceTree = "<group>"; };
		BCFB7B112CFAF36B0018649D /* Preview Assets.xcassets */ = {isa = PBXFileReference; lastKnownFileType = folder.assetcatalog; path = "Preview Assets.xcassets"; sourceTree = "<group>"; };
		BCFB7B172CFAF36B0018649D /* Sample_SwiftUI_RouterTests.xctest */ = {isa = PBXFileReference; explicitFileType = wrapper.cfbundle; includeInIndex = 0; path = Sample_SwiftUI_RouterTests.xctest; sourceTree = BUILT_PRODUCTS_DIR; };
		BCFB7B1B2CFAF36B0018649D /* Sample_SwiftUI_RouterTests.swift */ = {isa = PBXFileReference; lastKnownFileType = sourcecode.swift; path = Sample_SwiftUI_RouterTests.swift; sourceTree = "<group>"; };
		BCFB7B212CFAF36C0018649D /* Sample_SwiftUI_RouterUITests.xctest */ = {isa = PBXFileReference; explicitFileType = wrapper.cfbundle; includeInIndex = 0; path = Sample_SwiftUI_RouterUITests.xctest; sourceTree = BUILT_PRODUCTS_DIR; };
		BCFB7B252CFAF36C0018649D /* Sample_SwiftUI_RouterUITests.swift */ = {isa = PBXFileReference; lastKnownFileType = sourcecode.swift; path = Sample_SwiftUI_RouterUITests.swift; sourceTree = "<group>"; };
		BCFB7B272CFAF36C0018649D /* Sample_SwiftUI_RouterUITestsLaunchTests.swift */ = {isa = PBXFileReference; lastKnownFileType = sourcecode.swift; path = Sample_SwiftUI_RouterUITestsLaunchTests.swift; sourceTree = "<group>"; };
		BCFB7B352CFAF40A0018649D /* PostListView.swift */ = {isa = PBXFileReference; lastKnownFileType = sourcecode.swift; path = PostListView.swift; sourceTree = "<group>"; };
		BCFB7B392CFAF8A20018649D /* PostCreateView.swift */ = {isa = PBXFileReference; lastKnownFileType = sourcecode.swift; path = PostCreateView.swift; sourceTree = "<group>"; };
		BCFB7B3B2CFAFC190018649D /* PostCreateConfirmationView.swift */ = {isa = PBXFileReference; lastKnownFileType = sourcecode.swift; path = PostCreateConfirmationView.swift; sourceTree = "<group>"; };
/* End PBXFileReference section */

/* Begin PBXFrameworksBuildPhase section */
		BCFB7B042CFAF3680018649D /* Frameworks */ = {
			isa = PBXFrameworksBuildPhase;
			buildActionMask = 2147483647;
			files = (
			);
			runOnlyForDeploymentPostprocessing = 0;
		};
		BCFB7B142CFAF36B0018649D /* Frameworks */ = {
			isa = PBXFrameworksBuildPhase;
			buildActionMask = 2147483647;
			files = (
			);
			runOnlyForDeploymentPostprocessing = 0;
		};
		BCFB7B1E2CFAF36C0018649D /* Frameworks */ = {
			isa = PBXFrameworksBuildPhase;
			buildActionMask = 2147483647;
			files = (
			);
			runOnlyForDeploymentPostprocessing = 0;
		};
/* End PBXFrameworksBuildPhase section */

/* Begin PBXGroup section */
		BCFB7AFE2CFAF3680018649D = {
			isa = PBXGroup;
			children = (
				BCFB7B092CFAF3680018649D /* Sample_SwiftUI_Router */,
				BCFB7B1A2CFAF36B0018649D /* Sample_SwiftUI_RouterTests */,
				BCFB7B242CFAF36C0018649D /* Sample_SwiftUI_RouterUITests */,
				BCFB7B082CFAF3680018649D /* Products */,
			);
			sourceTree = "<group>";
		};
		BCFB7B082CFAF3680018649D /* Products */ = {
			isa = PBXGroup;
			children = (
				BCFB7B072CFAF3680018649D /* Sample_SwiftUI_Router.app */,
				BCFB7B172CFAF36B0018649D /* Sample_SwiftUI_RouterTests.xctest */,
				BCFB7B212CFAF36C0018649D /* Sample_SwiftUI_RouterUITests.xctest */,
			);
			name = Products;
			sourceTree = "<group>";
		};
		BCFB7B092CFAF3680018649D /* Sample_SwiftUI_Router */ = {
			isa = PBXGroup;
			children = (
				BCFB7B0A2CFAF3680018649D /* Sample_SwiftUI_RouterApp.swift */,
				BCFB7B0C2CFAF3680018649D /* ContentView.swift */,
				BCFB7B342CFAF3B30018649D /* PostList */,
				BCFB7B372CFAF4BE0018649D /* PostCreate */,
				BCFB7B0E2CFAF36B0018649D /* Assets.xcassets */,
				BCFB7B102CFAF36B0018649D /* Preview Content */,
			);
			path = Sample_SwiftUI_Router;
			sourceTree = "<group>";
		};
		BCFB7B102CFAF36B0018649D /* Preview Content */ = {
			isa = PBXGroup;
			children = (
				BCFB7B112CFAF36B0018649D /* Preview Assets.xcassets */,
			);
			path = "Preview Content";
			sourceTree = "<group>";
		};
		BCFB7B1A2CFAF36B0018649D /* Sample_SwiftUI_RouterTests */ = {
			isa = PBXGroup;
			children = (
				BCFB7B1B2CFAF36B0018649D /* Sample_SwiftUI_RouterTests.swift */,
			);
			path = Sample_SwiftUI_RouterTests;
			sourceTree = "<group>";
		};
		BCFB7B242CFAF36C0018649D /* Sample_SwiftUI_RouterUITests */ = {
			isa = PBXGroup;
			children = (
				BCFB7B252CFAF36C0018649D /* Sample_SwiftUI_RouterUITests.swift */,
				BCFB7B272CFAF36C0018649D /* Sample_SwiftUI_RouterUITestsLaunchTests.swift */,
			);
			path = Sample_SwiftUI_RouterUITests;
			sourceTree = "<group>";
		};
		BCFB7B342CFAF3B30018649D /* PostList */ = {
			isa = PBXGroup;
			children = (
				BCFB7B352CFAF40A0018649D /* PostListView.swift */,
			);
			path = PostList;
			sourceTree = "<group>";
		};
		BCFB7B372CFAF4BE0018649D /* PostCreate */ = {
			isa = PBXGroup;
			children = (
				BCFB7B392CFAF8A20018649D /* PostCreateView.swift */,
				BCFB7B382CFAF4F70018649D /* PostCreateConfirmation */,
			);
			path = PostCreate;
			sourceTree = "<group>";
		};
		BCFB7B382CFAF4F70018649D /* PostCreateConfirmation */ = {
			isa = PBXGroup;
			children = (
				BCFB7B3B2CFAFC190018649D /* PostCreateConfirmationView.swift */,
			);
			path = PostCreateConfirmation;
			sourceTree = "<group>";
		};
/* End PBXGroup section */

/* Begin PBXNativeTarget section */
		BCFB7B062CFAF3680018649D /* Sample_SwiftUI_Router */ = {
			isa = PBXNativeTarget;
			buildConfigurationList = BCFB7B2B2CFAF36C0018649D /* Build configuration list for PBXNativeTarget "Sample_SwiftUI_Router" */;
			buildPhases = (
				BCFB7B032CFAF3680018649D /* Sources */,
				BCFB7B042CFAF3680018649D /* Frameworks */,
				BCFB7B052CFAF3680018649D /* Resources */,
			);
			buildRules = (
			);
			dependencies = (
			);
			name = Sample_SwiftUI_Router;
			productName = Sample_SwiftUI_Router;
			productReference = BCFB7B072CFAF3680018649D /* Sample_SwiftUI_Router.app */;
			productType = "com.apple.product-type.application";
		};
		BCFB7B162CFAF36B0018649D /* Sample_SwiftUI_RouterTests */ = {
			isa = PBXNativeTarget;
			buildConfigurationList = BCFB7B2E2CFAF36C0018649D /* Build configuration list for PBXNativeTarget "Sample_SwiftUI_RouterTests" */;
			buildPhases = (
				BCFB7B132CFAF36B0018649D /* Sources */,
				BCFB7B142CFAF36B0018649D /* Frameworks */,
				BCFB7B152CFAF36B0018649D /* Resources */,
			);
			buildRules = (
			);
			dependencies = (
				BCFB7B192CFAF36B0018649D /* PBXTargetDependency */,
			);
			name = Sample_SwiftUI_RouterTests;
			productName = Sample_SwiftUI_RouterTests;
			productReference = BCFB7B172CFAF36B0018649D /* Sample_SwiftUI_RouterTests.xctest */;
			productType = "com.apple.product-type.bundle.unit-test";
		};
		BCFB7B202CFAF36C0018649D /* Sample_SwiftUI_RouterUITests */ = {
			isa = PBXNativeTarget;
			buildConfigurationList = BCFB7B312CFAF36C0018649D /* Build configuration list for PBXNativeTarget "Sample_SwiftUI_RouterUITests" */;
			buildPhases = (
				BCFB7B1D2CFAF36C0018649D /* Sources */,
				BCFB7B1E2CFAF36C0018649D /* Frameworks */,
				BCFB7B1F2CFAF36C0018649D /* Resources */,
			);
			buildRules = (
			);
			dependencies = (
				BCFB7B232CFAF36C0018649D /* PBXTargetDependency */,
			);
			name = Sample_SwiftUI_RouterUITests;
			productName = Sample_SwiftUI_RouterUITests;
			productReference = BCFB7B212CFAF36C0018649D /* Sample_SwiftUI_RouterUITests.xctest */;
			productType = "com.apple.product-type.bundle.ui-testing";
		};
/* End PBXNativeTarget section */

/* Begin PBXProject section */
		BCFB7AFF2CFAF3680018649D /* Project object */ = {
			isa = PBXProject;
			attributes = {
				BuildIndependentTargetsInParallel = 1;
				LastSwiftUpdateCheck = 1530;
				LastUpgradeCheck = 1530;
				TargetAttributes = {
					BCFB7B062CFAF3680018649D = {
						CreatedOnToolsVersion = 15.3;
					};
					BCFB7B162CFAF36B0018649D = {
						CreatedOnToolsVersion = 15.3;
						TestTargetID = BCFB7B062CFAF3680018649D;
					};
					BCFB7B202CFAF36C0018649D = {
						CreatedOnToolsVersion = 15.3;
						TestTargetID = BCFB7B062CFAF3680018649D;
					};
				};
			};
			buildConfigurationList = BCFB7B022CFAF3680018649D /* Build configuration list for PBXProject "Sample_SwiftUI_Router" */;
			compatibilityVersion = "Xcode 14.0";
			developmentRegion = en;
			hasScannedForEncodings = 0;
			knownRegions = (
				en,
				Base,
			);
			mainGroup = BCFB7AFE2CFAF3680018649D;
			productRefGroup = BCFB7B082CFAF3680018649D /* Products */;
			projectDirPath = "";
			projectRoot = "";
			targets = (
				BCFB7B062CFAF3680018649D /* Sample_SwiftUI_Router */,
				BCFB7B162CFAF36B0018649D /* Sample_SwiftUI_RouterTests */,
				BCFB7B202CFAF36C0018649D /* Sample_SwiftUI_RouterUITests */,
			);
		};
/* End PBXProject section */

/* Begin PBXResourcesBuildPhase section */
		BCFB7B052CFAF3680018649D /* Resources */ = {
			isa = PBXResourcesBuildPhase;
			buildActionMask = 2147483647;
			files = (
				BCFB7B122CFAF36B0018649D /* Preview Assets.xcassets in Resources */,
				BCFB7B0F2CFAF36B0018649D /* Assets.xcassets in Resources */,
			);
			runOnlyForDeploymentPostprocessing = 0;
		};
		BCFB7B152CFAF36B0018649D /* Resources */ = {
			isa = PBXResourcesBuildPhase;
			buildActionMask = 2147483647;
			files = (
			);
			runOnlyForDeploymentPostprocessing = 0;
		};
		BCFB7B1F2CFAF36C0018649D /* Resources */ = {
			isa = PBXResourcesBuildPhase;
			buildActionMask = 2147483647;
			files = (
			);
			runOnlyForDeploymentPostprocessing = 0;
		};
/* End PBXResourcesBuildPhase section */

/* Begin PBXSourcesBuildPhase section */
		BCFB7B032CFAF3680018649D /* Sources */ = {
			isa = PBXSourcesBuildPhase;
			buildActionMask = 2147483647;
			files = (
				BCFB7B3C2CFAFC190018649D /* PostCreateConfirmationView.swift in Sources */,
				BCFB7B3A2CFAF8A20018649D /* PostCreateView.swift in Sources */,
				BCFB7B0D2CFAF3680018649D /* ContentView.swift in Sources */,
				BCFB7B362CFAF40A0018649D /* PostListView.swift in Sources */,
				BCFB7B0B2CFAF3680018649D /* Sample_SwiftUI_RouterApp.swift in Sources */,
			);
			runOnlyForDeploymentPostprocessing = 0;
		};
		BCFB7B132CFAF36B0018649D /* Sources */ = {
			isa = PBXSourcesBuildPhase;
			buildActionMask = 2147483647;
			files = (
				BCFB7B1C2CFAF36B0018649D /* Sample_SwiftUI_RouterTests.swift in Sources */,
			);
			runOnlyForDeploymentPostprocessing = 0;
		};
		BCFB7B1D2CFAF36C0018649D /* Sources */ = {
			isa = PBXSourcesBuildPhase;
			buildActionMask = 2147483647;
			files = (
				BCFB7B262CFAF36C0018649D /* Sample_SwiftUI_RouterUITests.swift in Sources */,
				BCFB7B282CFAF36C0018649D /* Sample_SwiftUI_RouterUITestsLaunchTests.swift in Sources */,
			);
			runOnlyForDeploymentPostprocessing = 0;
		};
/* End PBXSourcesBuildPhase section */

/* Begin PBXTargetDependency section */
		BCFB7B192CFAF36B0018649D /* PBXTargetDependency */ = {
			isa = PBXTargetDependency;
			target = BCFB7B062CFAF3680018649D /* Sample_SwiftUI_Router */;
			targetProxy = BCFB7B182CFAF36B0018649D /* PBXContainerItemProxy */;
		};
		BCFB7B232CFAF36C0018649D /* PBXTargetDependency */ = {
			isa = PBXTargetDependency;
			target = BCFB7B062CFAF3680018649D /* Sample_SwiftUI_Router */;
			targetProxy = BCFB7B222CFAF36C0018649D /* PBXContainerItemProxy */;
		};
/* End PBXTargetDependency section */

/* Begin XCBuildConfiguration section */
		BCFB7B292CFAF36C0018649D /* Debug */ = {
			isa = XCBuildConfiguration;
			buildSettings = {
				ALWAYS_SEARCH_USER_PATHS = NO;
				ASSETCATALOG_COMPILER_GENERATE_SWIFT_ASSET_SYMBOL_EXTENSIONS = YES;
				CLANG_ANALYZER_NONNULL = YES;
				CLANG_ANALYZER_NUMBER_OBJECT_CONVERSION = YES_AGGRESSIVE;
				CLANG_CXX_LANGUAGE_STANDARD = "gnu++20";
				CLANG_ENABLE_MODULES = YES;
				CLANG_ENABLE_OBJC_ARC = YES;
				CLANG_ENABLE_OBJC_WEAK = YES;
				CLANG_WARN_BLOCK_CAPTURE_AUTORELEASING = YES;
				CLANG_WARN_BOOL_CONVERSION = YES;
				CLANG_WARN_COMMA = YES;
				CLANG_WARN_CONSTANT_CONVERSION = YES;
				CLANG_WARN_DEPRECATED_OBJC_IMPLEMENTATIONS = YES;
				CLANG_WARN_DIRECT_OBJC_ISA_USAGE = YES_ERROR;
				CLANG_WARN_DOCUMENTATION_COMMENTS = YES;
				CLANG_WARN_EMPTY_BODY = YES;
				CLANG_WARN_ENUM_CONVERSION = YES;
				CLANG_WARN_INFINITE_RECURSION = YES;
				CLANG_WARN_INT_CONVERSION = YES;
				CLANG_WARN_NON_LITERAL_NULL_CONVERSION = YES;
				CLANG_WARN_OBJC_IMPLICIT_RETAIN_SELF = YES;
				CLANG_WARN_OBJC_LITERAL_CONVERSION = YES;
				CLANG_WARN_OBJC_ROOT_CLASS = YES_ERROR;
				CLANG_WARN_QUOTED_INCLUDE_IN_FRAMEWORK_HEADER = YES;
				CLANG_WARN_RANGE_LOOP_ANALYSIS = YES;
				CLANG_WARN_STRICT_PROTOTYPES = YES;
				CLANG_WARN_SUSPICIOUS_MOVE = YES;
				CLANG_WARN_UNGUARDED_AVAILABILITY = YES_AGGRESSIVE;
				CLANG_WARN_UNREACHABLE_CODE = YES;
				CLANG_WARN__DUPLICATE_METHOD_MATCH = YES;
				COPY_PHASE_STRIP = NO;
				DEBUG_INFORMATION_FORMAT = dwarf;
				ENABLE_STRICT_OBJC_MSGSEND = YES;
				ENABLE_TESTABILITY = YES;
				ENABLE_USER_SCRIPT_SANDBOXING = YES;
				GCC_C_LANGUAGE_STANDARD = gnu17;
				GCC_DYNAMIC_NO_PIC = NO;
				GCC_NO_COMMON_BLOCKS = YES;
				GCC_OPTIMIZATION_LEVEL = 0;
				GCC_PREPROCESSOR_DEFINITIONS = (
					"DEBUG=1",
					"$(inherited)",
				);
				GCC_WARN_64_TO_32_BIT_CONVERSION = YES;
				GCC_WARN_ABOUT_RETURN_TYPE = YES_ERROR;
				GCC_WARN_UNDECLARED_SELECTOR = YES;
				GCC_WARN_UNINITIALIZED_AUTOS = YES_AGGRESSIVE;
				GCC_WARN_UNUSED_FUNCTION = YES;
				GCC_WARN_UNUSED_VARIABLE = YES;
				IPHONEOS_DEPLOYMENT_TARGET = 17.4;
				LOCALIZATION_PREFERS_STRING_CATALOGS = YES;
				MTL_ENABLE_DEBUG_INFO = INCLUDE_SOURCE;
				MTL_FAST_MATH = YES;
				ONLY_ACTIVE_ARCH = YES;
				SDKROOT = iphoneos;
				SWIFT_ACTIVE_COMPILATION_CONDITIONS = "DEBUG $(inherited)";
				SWIFT_OPTIMIZATION_LEVEL = "-Onone";
			};
			name = Debug;
		};
		BCFB7B2A2CFAF36C0018649D /* Release */ = {
			isa = XCBuildConfiguration;
			buildSettings = {
				ALWAYS_SEARCH_USER_PATHS = NO;
				ASSETCATALOG_COMPILER_GENERATE_SWIFT_ASSET_SYMBOL_EXTENSIONS = YES;
				CLANG_ANALYZER_NONNULL = YES;
				CLANG_ANALYZER_NUMBER_OBJECT_CONVERSION = YES_AGGRESSIVE;
				CLANG_CXX_LANGUAGE_STANDARD = "gnu++20";
				CLANG_ENABLE_MODULES = YES;
				CLANG_ENABLE_OBJC_ARC = YES;
				CLANG_ENABLE_OBJC_WEAK = YES;
				CLANG_WARN_BLOCK_CAPTURE_AUTORELEASING = YES;
				CLANG_WARN_BOOL_CONVERSION = YES;
				CLANG_WARN_COMMA = YES;
				CLANG_WARN_CONSTANT_CONVERSION = YES;
				CLANG_WARN_DEPRECATED_OBJC_IMPLEMENTATIONS = YES;
				CLANG_WARN_DIRECT_OBJC_ISA_USAGE = YES_ERROR;
				CLANG_WARN_DOCUMENTATION_COMMENTS = YES;
				CLANG_WARN_EMPTY_BODY = YES;
				CLANG_WARN_ENUM_CONVERSION = YES;
				CLANG_WARN_INFINITE_RECURSION = YES;
				CLANG_WARN_INT_CONVERSION = YES;
				CLANG_WARN_NON_LITERAL_NULL_CONVERSION = YES;
				CLANG_WARN_OBJC_IMPLICIT_RETAIN_SELF = YES;
				CLANG_WARN_OBJC_LITERAL_CONVERSION = YES;
				CLANG_WARN_OBJC_ROOT_CLASS = YES_ERROR;
				CLANG_WARN_QUOTED_INCLUDE_IN_FRAMEWORK_HEADER = YES;
				CLANG_WARN_RANGE_LOOP_ANALYSIS = YES;
				CLANG_WARN_STRICT_PROTOTYPES = YES;
				CLANG_WARN_SUSPICIOUS_MOVE = YES;
				CLANG_WARN_UNGUARDED_AVAILABILITY = YES_AGGRESSIVE;
				CLANG_WARN_UNREACHABLE_CODE = YES;
				CLANG_WARN__DUPLICATE_METHOD_MATCH = YES;
				COPY_PHASE_STRIP = NO;
				DEBUG_INFORMATION_FORMAT = "dwarf-with-dsym";
				ENABLE_NS_ASSERTIONS = NO;
				ENABLE_STRICT_OBJC_MSGSEND = YES;
				ENABLE_USER_SCRIPT_SANDBOXING = YES;
				GCC_C_LANGUAGE_STANDARD = gnu17;
				GCC_NO_COMMON_BLOCKS = YES;
				GCC_WARN_64_TO_32_BIT_CONVERSION = YES;
				GCC_WARN_ABOUT_RETURN_TYPE = YES_ERROR;
				GCC_WARN_UNDECLARED_SELECTOR = YES;
				GCC_WARN_UNINITIALIZED_AUTOS = YES_AGGRESSIVE;
				GCC_WARN_UNUSED_FUNCTION = YES;
				GCC_WARN_UNUSED_VARIABLE = YES;
				IPHONEOS_DEPLOYMENT_TARGET = 17.4;
				LOCALIZATION_PREFERS_STRING_CATALOGS = YES;
				MTL_ENABLE_DEBUG_INFO = NO;
				MTL_FAST_MATH = YES;
				SDKROOT = iphoneos;
				SWIFT_COMPILATION_MODE = wholemodule;
				VALIDATE_PRODUCT = YES;
			};
			name = Release;
		};
		BCFB7B2C2CFAF36C0018649D /* Debug */ = {
			isa = XCBuildConfiguration;
			buildSettings = {
				ASSETCATALOG_COMPILER_APPICON_NAME = AppIcon;
				ASSETCATALOG_COMPILER_GLOBAL_ACCENT_COLOR_NAME = AccentColor;
				CODE_SIGN_STYLE = Automatic;
				CURRENT_PROJECT_VERSION = 1;
				DEVELOPMENT_ASSET_PATHS = "\"Sample_SwiftUI_Router/Preview Content\"";
				DEVELOPMENT_TEAM = 37MFDT4LMQ;
				ENABLE_PREVIEWS = YES;
				GENERATE_INFOPLIST_FILE = YES;
				INFOPLIST_KEY_UIApplicationSceneManifest_Generation = YES;
				INFOPLIST_KEY_UIApplicationSupportsIndirectInputEvents = YES;
				INFOPLIST_KEY_UILaunchScreen_Generation = YES;
				INFOPLIST_KEY_UISupportedInterfaceOrientations_iPad = "UIInterfaceOrientationPortrait UIInterfaceOrientationPortraitUpsideDown UIInterfaceOrientationLandscapeLeft UIInterfaceOrientationLandscapeRight";
				INFOPLIST_KEY_UISupportedInterfaceOrientations_iPhone = "UIInterfaceOrientationPortrait UIInterfaceOrientationLandscapeLeft UIInterfaceOrientationLandscapeRight";
				LD_RUNPATH_SEARCH_PATHS = (
					"$(inherited)",
					"@executable_path/Frameworks",
				);
				MARKETING_VERSION = 1.0;
				PRODUCT_BUNDLE_IDENTIFIER = "test.Sample-SwiftUI-Router";
				PRODUCT_NAME = "$(TARGET_NAME)";
				SWIFT_EMIT_LOC_STRINGS = YES;
				SWIFT_VERSION = 5.0;
				TARGETED_DEVICE_FAMILY = "1,2";
			};
			name = Debug;
		};
		BCFB7B2D2CFAF36C0018649D /* Release */ = {
			isa = XCBuildConfiguration;
			buildSettings = {
				ASSETCATALOG_COMPILER_APPICON_NAME = AppIcon;
				ASSETCATALOG_COMPILER_GLOBAL_ACCENT_COLOR_NAME = AccentColor;
				CODE_SIGN_STYLE = Automatic;
				CURRENT_PROJECT_VERSION = 1;
				DEVELOPMENT_ASSET_PATHS = "\"Sample_SwiftUI_Router/Preview Content\"";
				DEVELOPMENT_TEAM = 37MFDT4LMQ;
				ENABLE_PREVIEWS = YES;
				GENERATE_INFOPLIST_FILE = YES;
				INFOPLIST_KEY_UIApplicationSceneManifest_Generation = YES;
				INFOPLIST_KEY_UIApplicationSupportsIndirectInputEvents = YES;
				INFOPLIST_KEY_UILaunchScreen_Generation = YES;
				INFOPLIST_KEY_UISupportedInterfaceOrientations_iPad = "UIInterfaceOrientationPortrait UIInterfaceOrientationPortraitUpsideDown UIInterfaceOrientationLandscapeLeft UIInterfaceOrientationLandscapeRight";
				INFOPLIST_KEY_UISupportedInterfaceOrientations_iPhone = "UIInterfaceOrientationPortrait UIInterfaceOrientationLandscapeLeft UIInterfaceOrientationLandscapeRight";
				LD_RUNPATH_SEARCH_PATHS = (
					"$(inherited)",
					"@executable_path/Frameworks",
				);
				MARKETING_VERSION = 1.0;
				PRODUCT_BUNDLE_IDENTIFIER = "test.Sample-SwiftUI-Router";
				PRODUCT_NAME = "$(TARGET_NAME)";
				SWIFT_EMIT_LOC_STRINGS = YES;
				SWIFT_VERSION = 5.0;
				TARGETED_DEVICE_FAMILY = "1,2";
			};
			name = Release;
		};
		BCFB7B2F2CFAF36C0018649D /* Debug */ = {
			isa = XCBuildConfiguration;
			buildSettings = {
				ALWAYS_EMBED_SWIFT_STANDARD_LIBRARIES = YES;
				BUNDLE_LOADER = "$(TEST_HOST)";
				CODE_SIGN_STYLE = Automatic;
				CURRENT_PROJECT_VERSION = 1;
				DEVELOPMENT_TEAM = 37MFDT4LMQ;
				GENERATE_INFOPLIST_FILE = YES;
				IPHONEOS_DEPLOYMENT_TARGET = 17.4;
				MARKETING_VERSION = 1.0;
				PRODUCT_BUNDLE_IDENTIFIER = "test.Sample-SwiftUI-RouterTests";
				PRODUCT_NAME = "$(TARGET_NAME)";
				SWIFT_EMIT_LOC_STRINGS = NO;
				SWIFT_VERSION = 5.0;
				TARGETED_DEVICE_FAMILY = "1,2";
				TEST_HOST = "$(BUILT_PRODUCTS_DIR)/Sample_SwiftUI_Router.app/$(BUNDLE_EXECUTABLE_FOLDER_PATH)/Sample_SwiftUI_Router";
			};
			name = Debug;
		};
		BCFB7B302CFAF36C0018649D /* Release */ = {
			isa = XCBuildConfiguration;
			buildSettings = {
				ALWAYS_EMBED_SWIFT_STANDARD_LIBRARIES = YES;
				BUNDLE_LOADER = "$(TEST_HOST)";
				CODE_SIGN_STYLE = Automatic;
				CURRENT_PROJECT_VERSION = 1;
				DEVELOPMENT_TEAM = 37MFDT4LMQ;
				GENERATE_INFOPLIST_FILE = YES;
				IPHONEOS_DEPLOYMENT_TARGET = 17.4;
				MARKETING_VERSION = 1.0;
				PRODUCT_BUNDLE_IDENTIFIER = "test.Sample-SwiftUI-RouterTests";
				PRODUCT_NAME = "$(TARGET_NAME)";
				SWIFT_EMIT_LOC_STRINGS = NO;
				SWIFT_VERSION = 5.0;
				TARGETED_DEVICE_FAMILY = "1,2";
				TEST_HOST = "$(BUILT_PRODUCTS_DIR)/Sample_SwiftUI_Router.app/$(BUNDLE_EXECUTABLE_FOLDER_PATH)/Sample_SwiftUI_Router";
			};
			name = Release;
		};
		BCFB7B322CFAF36C0018649D /* Debug */ = {
			isa = XCBuildConfiguration;
			buildSettings = {
				ALWAYS_EMBED_SWIFT_STANDARD_LIBRARIES = YES;
				CODE_SIGN_STYLE = Automatic;
				CURRENT_PROJECT_VERSION = 1;
				DEVELOPMENT_TEAM = 37MFDT4LMQ;
				GENERATE_INFOPLIST_FILE = YES;
				MARKETING_VERSION = 1.0;
				PRODUCT_BUNDLE_IDENTIFIER = "test.Sample-SwiftUI-RouterUITests";
				PRODUCT_NAME = "$(TARGET_NAME)";
				SWIFT_EMIT_LOC_STRINGS = NO;
				SWIFT_VERSION = 5.0;
				TARGETED_DEVICE_FAMILY = "1,2";
				TEST_TARGET_NAME = Sample_SwiftUI_Router;
			};
			name = Debug;
		};
		BCFB7B332CFAF36C0018649D /* Release */ = {
			isa = XCBuildConfiguration;
			buildSettings = {
				ALWAYS_EMBED_SWIFT_STANDARD_LIBRARIES = YES;
				CODE_SIGN_STYLE = Automatic;
				CURRENT_PROJECT_VERSION = 1;
				DEVELOPMENT_TEAM = 37MFDT4LMQ;
				GENERATE_INFOPLIST_FILE = YES;
				MARKETING_VERSION = 1.0;
				PRODUCT_BUNDLE_IDENTIFIER = "test.Sample-SwiftUI-RouterUITests";
				PRODUCT_NAME = "$(TARGET_NAME)";
				SWIFT_EMIT_LOC_STRINGS = NO;
				SWIFT_VERSION = 5.0;
				TARGETED_DEVICE_FAMILY = "1,2";
				TEST_TARGET_NAME = Sample_SwiftUI_Router;
			};
			name = Release;
		};
/* End XCBuildConfiguration section */

/* Begin XCConfigurationList section */
		BCFB7B022CFAF3680018649D /* Build configuration list for PBXProject "Sample_SwiftUI_Router" */ = {
			isa = XCConfigurationList;
			buildConfigurations = (
				BCFB7B292CFAF36C0018649D /* Debug */,
				BCFB7B2A2CFAF36C0018649D /* Release */,
			);
			defaultConfigurationIsVisible = 0;
			defaultConfigurationName = Release;
		};
		BCFB7B2B2CFAF36C0018649D /* Build configuration list for PBXNativeTarget "Sample_SwiftUI_Router" */ = {
			isa = XCConfigurationList;
			buildConfigurations = (
				BCFB7B2C2CFAF36C0018649D /* Debug */,
				BCFB7B2D2CFAF36C0018649D /* Release */,
			);
			defaultConfigurationIsVisible = 0;
			defaultConfigurationName = Release;
		};
		BCFB7B2E2CFAF36C0018649D /* Build configuration list for PBXNativeTarget "Sample_SwiftUI_RouterTests" */ = {
			isa = XCConfigurationList;
			buildConfigurations = (
				BCFB7B2F2CFAF36C0018649D /* Debug */,
				BCFB7B302CFAF36C0018649D /* Release */,
			);
			defaultConfigurationIsVisible = 0;
			defaultConfigurationName = Release;
		};
		BCFB7B312CFAF36C0018649D /* Build configuration list for PBXNativeTarget "Sample_SwiftUI_RouterUITests" */ = {
			isa = XCConfigurationList;
			buildConfigurations = (
				BCFB7B322CFAF36C0018649D /* Debug */,
				BCFB7B332CFAF36C0018649D /* Release */,
			);
			defaultConfigurationIsVisible = 0;
			defaultConfigurationName = Release;
		};
/* End XCConfigurationList section */
	};
	rootObject = BCFB7AFF2CFAF3680018649D /* Project object */;
}
